
Microsoft Visual Studio Solution File, Format Version 12.00
# Visual Studio Version 17
VisualStudioVersion = 17.0.31903.59
MinimumVisualStudioVersion = 10.0.40219.1
Project("{2150E333-8FDC-42A3-9474-1A3956D46DE8}") = "src", "src", "{A59D6052-AEFA-4EF9-A48C-F51877DB1C57}"
EndProject
Project("{FAE04EC0-301F-11D3-BF4B-00C04F79EFBC}") = "RecurrenceHub.Api", "src\RecurrenceHub.Api\RecurrenceHub.Api.csproj", "{6624BC7A-87F0-4820-AFA2-6848ACBDB6B9}"
EndProject
Project("{FAE04EC0-301F-11D3-BF4B-00C04F79EFBC}") = "RecurrenceHub.Application", "src\RecurrenceHub.Application\RecurrenceHub.Application.csproj", "{6D5C25B2-91A1-4737-9E41-CBAB234FA64C}"
EndProject
Project("{FAE04EC0-301F-11D3-BF4B-00C04F79EFBC}") = "RecurrenceHub.Domain", "src\RecurrenceHub.Domain\RecurrenceHub.Domain.csproj", "{898C0220-EDDA-402C-909D-1F1F86B577E2}"
EndProject
Project("{FAE04EC0-301F-11D3-BF4B-00C04F79EFBC}") = "RecurrenceHub.Infrastructure", "src\RecurrenceHub.Infrastructure\RecurrenceHub.Infrastructure.csproj", "{36E0129A-E4BB-49C5-B759-EB2DA27CF2B6}"
EndProject
Project("{FAE04EC0-301F-11D3-BF4B-00C04F79EFBC}") = "RecurrenceHub.Contracts", "src\RecurrenceHub.Contracts\RecurrenceHub.Contracts.csproj", "{4C8FCAFA-DC09-4ECA-9D35-D07ACED8D82C}"
EndProject
Project("{2150E333-8FDC-42A3-9474-1A3956D46DE8}") = "tests", "tests", "{5B1F87C0-10F5-49C7-AA39-AD14DDB1B6EE}"
EndProject
Project("{FAE04EC0-301F-11D3-BF4B-00C04F79EFBC}") = "RecurrenceHub.Api.IntegrationTests", "tests\RecurrenceHub.Api.IntegrationTests\RecurrenceHub.Api.IntegrationTests.csproj", "{7BFC22A3-6318-4847-B740-41587FB669D8}"
EndProject
Project("{FAE04EC0-301F-11D3-BF4B-00C04F79EFBC}") = "RecurrenceHub.Application.SubcutaneousTests", "tests\RecurrenceHub.Application.SubcutaneousTests\RecurrenceHub.Application.SubcutaneousTests.csproj", "{F0B32CE1-A32C-499E-83FB-E511125DC423}"
EndProject
Project("{FAE04EC0-301F-11D3-BF4B-00C04F79EFBC}") = "RecurrenceHub.Application.UnitTests", "tests\RecurrenceHub.Application.UnitTests\RecurrenceHub.Application.UnitTests.csproj", "{E5C1CF95-3FDE-425D-8C9D-3D4510405154}"
EndProject
Project("{FAE04EC0-301F-11D3-BF4B-00C04F79EFBC}") = "RecurrenceHub.Domain.UnitTests", "tests\RecurrenceHub.Domain.UnitTests\RecurrenceHub.Domain.UnitTests.csproj", "{728D1696-1A27-4729-B24B-84B1F956ED90}"
EndProject
Project("{FAE04EC0-301F-11D3-BF4B-00C04F79EFBC}") = "TestCommon", "tests\TestCommon\TestCommon.csproj", "{6F4F4EE8-7777-4A37-A138-CDFA9F5B9F05}"
EndProject
Global
	GlobalSection(SolutionConfigurationPlatforms) = preSolution
		Debug|Any CPU = Debug|Any CPU
		Release|Any CPU = Release|Any CPU
	EndGlobalSection
	GlobalSection(SolutionProperties) = preSolution
		HideSolutionNode = FALSE
	EndGlobalSection
	GlobalSection(ProjectConfigurationPlatforms) = postSolution
		{6624BC7A-87F0-4820-AFA2-6848ACBDB6B9}.Debug|Any CPU.ActiveCfg = Debug|Any CPU
		{6624BC7A-87F0-4820-AFA2-6848ACBDB6B9}.Debug|Any CPU.Build.0 = Debug|Any CPU
		{6624BC7A-87F0-4820-AFA2-6848ACBDB6B9}.Release|Any CPU.ActiveCfg = Release|Any CPU
		{6624BC7A-87F0-4820-AFA2-6848ACBDB6B9}.Release|Any CPU.Build.0 = Release|Any CPU
		{6D5C25B2-91A1-4737-9E41-CBAB234FA64C}.Debug|Any CPU.ActiveCfg = Debug|Any CPU
		{6D5C25B2-91A1-4737-9E41-CBAB234FA64C}.Debug|Any CPU.Build.0 = Debug|Any CPU
		{6D5C25B2-91A1-4737-9E41-CBAB234FA64C}.Release|Any CPU.ActiveCfg = Release|Any CPU
		{6D5C25B2-91A1-4737-9E41-CBAB234FA64C}.Release|Any CPU.Build.0 = Release|Any CPU
		{898C0220-EDDA-402C-909D-1F1F86B577E2}.Debug|Any CPU.ActiveCfg = Debug|Any CPU
		{898C0220-EDDA-402C-909D-1F1F86B577E2}.Debug|Any CPU.Build.0 = Debug|Any CPU
		{898C0220-EDDA-402C-909D-1F1F86B577E2}.Release|Any CPU.ActiveCfg = Release|Any CPU
		{898C0220-EDDA-402C-909D-1F1F86B577E2}.Release|Any CPU.Build.0 = Release|Any CPU
		{36E0129A-E4BB-49C5-B759-EB2DA27CF2B6}.Debug|Any CPU.ActiveCfg = Debug|Any CPU
		{36E0129A-E4BB-49C5-B759-EB2DA27CF2B6}.Debug|Any CPU.Build.0 = Debug|Any CPU
		{36E0129A-E4BB-49C5-B759-EB2DA27CF2B6}.Release|Any CPU.ActiveCfg = Release|Any CPU
		{36E0129A-E4BB-49C5-B759-EB2DA27CF2B6}.Release|Any CPU.Build.0 = Release|Any CPU
		{4C8FCAFA-DC09-4ECA-9D35-D07ACED8D82C}.Debug|Any CPU.ActiveCfg = Debug|Any CPU
		{4C8FCAFA-DC09-4ECA-9D35-D07ACED8D82C}.Debug|Any CPU.Build.0 = Debug|Any CPU
		{4C8FCAFA-DC09-4ECA-9D35-D07ACED8D82C}.Release|Any CPU.ActiveCfg = Release|Any CPU
		{4C8FCAFA-DC09-4ECA-9D35-D07ACED8D82C}.Release|Any CPU.Build.0 = Release|Any CPU
		{7BFC22A3-6318-4847-B740-41587FB669D8}.Debug|Any CPU.ActiveCfg = Debug|Any CPU
		{7BFC22A3-6318-4847-B740-41587FB669D8}.Debug|Any CPU.Build.0 = Debug|Any CPU
		{7BFC22A3-6318-4847-B740-41587FB669D8}.Release|Any CPU.ActiveCfg = Release|Any CPU
		{7BFC22A3-6318-4847-B740-41587FB669D8}.Release|Any CPU.Build.0 = Release|Any CPU
		{F0B32CE1-A32C-499E-83FB-E511125DC423}.Debug|Any CPU.ActiveCfg = Debug|Any CPU
		{F0B32CE1-A32C-499E-83FB-E511125DC423}.Debug|Any CPU.Build.0 = Debug|Any CPU
		{F0B32CE1-A32C-499E-83FB-E511125DC423}.Release|Any CPU.ActiveCfg = Release|Any CPU
		{F0B32CE1-A32C-499E-83FB-E511125DC423}.Release|Any CPU.Build.0 = Release|Any CPU
		{E5C1CF95-3FDE-425D-8C9D-3D4510405154}.Debug|Any CPU.ActiveCfg = Debug|Any CPU
		{E5C1CF95-3FDE-425D-8C9D-3D4510405154}.Debug|Any CPU.Build.0 = Debug|Any CPU
		{E5C1CF95-3FDE-425D-8C9D-3D4510405154}.Release|Any CPU.ActiveCfg = Release|Any CPU
		{E5C1CF95-3FDE-425D-8C9D-3D4510405154}.Release|Any CPU.Build.0 = Release|Any CPU
		{728D1696-1A27-4729-B24B-84B1F956ED90}.Debug|Any CPU.ActiveCfg = Debug|Any CPU
		{728D1696-1A27-4729-B24B-84B1F956ED90}.Debug|Any CPU.Build.0 = Debug|Any CPU
		{728D1696-1A27-4729-B24B-84B1F956ED90}.Release|Any CPU.ActiveCfg = Release|Any CPU
		{728D1696-1A27-4729-B24B-84B1F956ED90}.Release|Any CPU.Build.0 = Release|Any CPU
		{6F4F4EE8-7777-4A37-A138-CDFA9F5B9F05}.Debug|Any CPU.ActiveCfg = Debug|Any CPU
		{6F4F4EE8-7777-4A37-A138-CDFA9F5B9F05}.Debug|Any CPU.Build.0 = Debug|Any CPU
		{6F4F4EE8-7777-4A37-A138-CDFA9F5B9F05}.Release|Any CPU.ActiveCfg = Release|Any CPU
		{6F4F4EE8-7777-4A37-A138-CDFA9F5B9F05}.Release|Any CPU.Build.0 = Release|Any CPU
	EndGlobalSection
	GlobalSection(NestedProjects) = preSolution
		{6624BC7A-87F0-4820-AFA2-6848ACBDB6B9} = {A59D6052-AEFA-4EF9-A48C-F51877DB1C57}
		{6D5C25B2-91A1-4737-9E41-CBAB234FA64C} = {A59D6052-AEFA-4EF9-A48C-F51877DB1C57}
		{898C0220-EDDA-402C-909D-1F1F86B577E2} = {A59D6052-AEFA-4EF9-A48C-F51877DB1C57}
		{36E0129A-E4BB-49C5-B759-EB2DA27CF2B6} = {A59D6052-AEFA-4EF9-A48C-F51877DB1C57}
		{4C8FCAFA-DC09-4ECA-9D35-D07ACED8D82C} = {A59D6052-AEFA-4EF9-A48C-F51877DB1C57}
		{7BFC22A3-6318-4847-B740-41587FB669D8} = {5B1F87C0-10F5-49C7-AA39-AD14DDB1B6EE}
		{F0B32CE1-A32C-499E-83FB-E511125DC423} = {5B1F87C0-10F5-49C7-AA39-AD14DDB1B6EE}
		{E5C1CF95-3FDE-425D-8C9D-3D4510405154} = {5B1F87C0-10F5-49C7-AA39-AD14DDB1B6EE}
		{728D1696-1A27-4729-B24B-84B1F956ED90} = {5B1F87C0-10F5-49C7-AA39-AD14DDB1B6EE}
		{6F4F4EE8-7777-4A37-A138-CDFA9F5B9F05} = {5B1F87C0-10F5-49C7-AA39-AD14DDB1B6EE}
	EndGlobalSection
EndGlobal
